
Microsoft Visual Studio Solution File, Format Version 12.00
# Visual Studio Version 17
VisualStudioVersion = 17.12.35309.182
MinimumVisualStudioVersion = 10.0.40219.1
Project("{FAE04EC0-301F-11D3-BF4B-00C04F79EFBC}") = "Resx2Xaml Converter", "Resx2Xaml Converter\Resx2Xaml Converter.csproj", "{F550B37F-2880-432C-8B08-B173B2A928FC}"
EndProject
Global
	GlobalSection(SolutionConfigurationPlatforms) = preSolution
		Debug|Any CPU = Debug|Any CPU
		Release|Any CPU = Release|Any CPU
	EndGlobalSection
	GlobalSection(ProjectConfigurationPlatforms) = postSolution
		{F550B37F-2880-432C-8B08-B173B2A928FC}.Debug|Any CPU.ActiveCfg = Debug|Any CPU
		{F550B37F-2880-432C-8B08-B173B2A928FC}.Debug|Any CPU.Build.0 = Debug|Any CPU
		{F550B37F-2880-432C-8B08-B173B2A928FC}.Release|Any CPU.ActiveCfg = Release|Any CPU
		{F550B37F-2880-432C-8B08-B173B2A928FC}.Release|Any CPU.Build.0 = Release|Any CPU
	EndGlobalSection
	GlobalSection(SolutionProperties) = preSolution
		HideSolutionNode = FALSE
	EndGlobalSection
	GlobalSection(ExtensibilityGlobals) = postSolution
		SolutionGuid = {804A3EBF-5B66-4EF4-89B7-877798FFFE49}
	EndGlobalSection
EndGlobal
